// !$*UTF8*$!
{
	archiveVersion = 1;
	classes = {
	};
	objectVersion = 50;
	objects = {

/* Begin PBXBuildFile section */
		522C5B02207B8A8F0001B416 /* AppDelegate.swift in Sources */ = {isa = PBXBuildFile; fileRef = 522C5B01207B8A8F0001B416 /* AppDelegate.swift */; };
		522C5B09207B8A8F0001B416 /* Assets.xcassets in Resources */ = {isa = PBXBuildFile; fileRef = 522C5B08207B8A8F0001B416 /* Assets.xcassets */; };
		522C5B0C207B8A8F0001B416 /* LaunchScreen.storyboard in Resources */ = {isa = PBXBuildFile; fileRef = 522C5B0A207B8A8F0001B416 /* LaunchScreen.storyboard */; };
		522C5B32207B9E3E0001B416 /* LongFormViewController.swift in Sources */ = {isa = PBXBuildFile; fileRef = 522C5B31207B9E3E0001B416 /* LongFormViewController.swift */; };
		522C5B36207BC3CB0001B416 /* HomeDatasourceController.swift in Sources */ = {isa = PBXBuildFile; fileRef = 522C5B35207BC3CB0001B416 /* HomeDatasourceController.swift */; };
		522C5B3C207BCCF80001B416 /* Cells.swift in Sources */ = {isa = PBXBuildFile; fileRef = 522C5B3B207BCCF80001B416 /* Cells.swift */; };
		522C5B3E207BCDA00001B416 /* HomeDatasource.swift in Sources */ = {isa = PBXBuildFile; fileRef = 522C5B3D207BCDA00001B416 /* HomeDatasource.swift */; };
		522C5B40207BE4A90001B416 /* TweetCell.swift in Sources */ = {isa = PBXBuildFile; fileRef = 522C5B3F207BE4A90001B416 /* TweetCell.swift */; };
		522C5B85207BFC390001B416 /* InstaCell.swift in Sources */ = {isa = PBXBuildFile; fileRef = 522C5B84207BFC390001B416 /* InstaCell.swift */; };
		522C5B87207D18D60001B416 /* Structs.swift in Sources */ = {isa = PBXBuildFile; fileRef = 522C5B86207D18D60001B416 /* Structs.swift */; };
		C94C2E0262EBFA0B49D51BF6 /* Pods_Mjollnir.framework in Frameworks */ = {isa = PBXBuildFile; fileRef = 2D1578393CBCE21007ADC957 /* Pods_Mjollnir.framework */; };
/* End PBXBuildFile section */

/* Begin PBXFileReference section */
		061DC331CF17EF865A7C7C7B /* Pods-Mjollnir.debug.xcconfig */ = {isa = PBXFileReference; includeInIndex = 1; lastKnownFileType = text.xcconfig; name = "Pods-Mjollnir.debug.xcconfig"; path = "Pods/Target Support Files/Pods-Mjollnir/Pods-Mjollnir.debug.xcconfig"; sourceTree = "<group>"; };
		06F1581B453FA55FCE6E7139 /* Pods-Mjollnir.release.xcconfig */ = {isa = PBXFileReference; includeInIndex = 1; lastKnownFileType = text.xcconfig; name = "Pods-Mjollnir.release.xcconfig"; path = "Pods/Target Support Files/Pods-Mjollnir/Pods-Mjollnir.release.xcconfig"; sourceTree = "<group>"; };
		2D1578393CBCE21007ADC957 /* Pods_Mjollnir.framework */ = {isa = PBXFileReference; explicitFileType = wrapper.framework; includeInIndex = 0; path = Pods_Mjollnir.framework; sourceTree = BUILT_PRODUCTS_DIR; };
		522C5AFE207B8A8F0001B416 /* Mjollnir.app */ = {isa = PBXFileReference; explicitFileType = wrapper.application; includeInIndex = 0; path = Mjollnir.app; sourceTree = BUILT_PRODUCTS_DIR; };
		522C5B01207B8A8F0001B416 /* AppDelegate.swift */ = {isa = PBXFileReference; lastKnownFileType = sourcecode.swift; path = AppDelegate.swift; sourceTree = "<group>"; };
		522C5B08207B8A8F0001B416 /* Assets.xcassets */ = {isa = PBXFileReference; lastKnownFileType = folder.assetcatalog; path = Assets.xcassets; sourceTree = "<group>"; };
		522C5B0B207B8A8F0001B416 /* Base */ = {isa = PBXFileReference; lastKnownFileType = file.storyboard; name = Base; path = Base.lproj/LaunchScreen.storyboard; sourceTree = "<group>"; };
		522C5B0D207B8A8F0001B416 /* Info.plist */ = {isa = PBXFileReference; lastKnownFileType = text.plist.xml; path = Info.plist; sourceTree = "<group>"; };
		522C5B31207B9E3E0001B416 /* LongFormViewController.swift */ = {isa = PBXFileReference; lastKnownFileType = sourcecode.swift; path = LongFormViewController.swift; sourceTree = "<group>"; };
		522C5B35207BC3CB0001B416 /* HomeDatasourceController.swift */ = {isa = PBXFileReference; lastKnownFileType = sourcecode.swift; path = HomeDatasourceController.swift; sourceTree = "<group>"; };
		522C5B3B207BCCF80001B416 /* Cells.swift */ = {isa = PBXFileReference; lastKnownFileType = sourcecode.swift; path = Cells.swift; sourceTree = "<group>"; };
		522C5B3D207BCDA00001B416 /* HomeDatasource.swift */ = {isa = PBXFileReference; lastKnownFileType = sourcecode.swift; path = HomeDatasource.swift; sourceTree = "<group>"; };
		522C5B3F207BE4A90001B416 /* TweetCell.swift */ = {isa = PBXFileReference; lastKnownFileType = sourcecode.swift; path = TweetCell.swift; sourceTree = "<group>"; };
		522C5B84207BFC390001B416 /* InstaCell.swift */ = {isa = PBXFileReference; lastKnownFileType = sourcecode.swift; path = InstaCell.swift; sourceTree = "<group>"; };
		522C5B86207D18D60001B416 /* Structs.swift */ = {isa = PBXFileReference; lastKnownFileType = sourcecode.swift; path = Structs.swift; sourceTree = "<group>"; };
/* End PBXFileReference section */

/* Begin PBXFrameworksBuildPhase section */
		522C5AFB207B8A8F0001B416 /* Frameworks */ = {
			isa = PBXFrameworksBuildPhase;
			buildActionMask = 2147483647;
			files = (
				C94C2E0262EBFA0B49D51BF6 /* Pods_Mjollnir.framework in Frameworks */,
			);
			runOnlyForDeploymentPostprocessing = 0;
		};
/* End PBXFrameworksBuildPhase section */

/* Begin PBXGroup section */
		522C5AF5207B8A8F0001B416 = {
			isa = PBXGroup;
			children = (
				522C5B00207B8A8F0001B416 /* Mjollnir */,
				522C5AFF207B8A8F0001B416 /* Products */,
				6FD07B7DA169A908B557771C /* Pods */,
				AF01547F16E9D1BFCD1477AA /* Frameworks */,
			);
			sourceTree = "<group>";
		};
		522C5AFF207B8A8F0001B416 /* Products */ = {
			isa = PBXGroup;
			children = (
				522C5AFE207B8A8F0001B416 /* Mjollnir.app */,
			);
			name = Products;
			sourceTree = "<group>";
		};
		522C5B00207B8A8F0001B416 /* Mjollnir */ = {
			isa = PBXGroup;
			children = (
				522C5B37207BCCC30001B416 /* Model */,
				522C5B3A207BCCE50001B416 /* View */,
				522C5B38207BCCCB0001B416 /* Controller */,
				522C5B01207B8A8F0001B416 /* AppDelegate.swift */,
				522C5B31207B9E3E0001B416 /* LongFormViewController.swift */,
				522C5B08207B8A8F0001B416 /* Assets.xcassets */,
				522C5B0A207B8A8F0001B416 /* LaunchScreen.storyboard */,
				522C5B0D207B8A8F0001B416 /* Info.plist */,
			);
			path = Mjollnir;
			sourceTree = "<group>";
		};
		522C5B37207BCCC30001B416 /* Model */ = {
			isa = PBXGroup;
			children = (
				522C5B3D207BCDA00001B416 /* HomeDatasource.swift */,
				522C5B86207D18D60001B416 /* Structs.swift */,
			);
			path = Model;
			sourceTree = "<group>";
		};
		522C5B38207BCCCB0001B416 /* Controller */ = {
			isa = PBXGroup;
			children = (
				522C5B35207BC3CB0001B416 /* HomeDatasourceController.swift */,
			);
			path = Controller;
			sourceTree = "<group>";
		};
		522C5B3A207BCCE50001B416 /* View */ = {
			isa = PBXGroup;
			children = (
				522C5B3B207BCCF80001B416 /* Cells.swift */,
				522C5B3F207BE4A90001B416 /* TweetCell.swift */,
				522C5B84207BFC390001B416 /* InstaCell.swift */,
			);
			path = View;
			sourceTree = "<group>";
		};
		6FD07B7DA169A908B557771C /* Pods */ = {
			isa = PBXGroup;
			children = (
				061DC331CF17EF865A7C7C7B /* Pods-Mjollnir.debug.xcconfig */,
				06F1581B453FA55FCE6E7139 /* Pods-Mjollnir.release.xcconfig */,
			);
			name = Pods;
			sourceTree = "<group>";
		};
		AF01547F16E9D1BFCD1477AA /* Frameworks */ = {
			isa = PBXGroup;
			children = (
				2D1578393CBCE21007ADC957 /* Pods_Mjollnir.framework */,
			);
			name = Frameworks;
			sourceTree = "<group>";
		};
/* End PBXGroup section */

/* Begin PBXNativeTarget section */
		522C5AFD207B8A8F0001B416 /* Mjollnir */ = {
			isa = PBXNativeTarget;
			buildConfigurationList = 522C5B10207B8A8F0001B416 /* Build configuration list for PBXNativeTarget "Mjollnir" */;
			buildPhases = (
				BB362AE13A014DE8D7821EEC /* [CP] Check Pods Manifest.lock */,
				522C5AFA207B8A8F0001B416 /* Sources */,
				522C5AFB207B8A8F0001B416 /* Frameworks */,
				522C5AFC207B8A8F0001B416 /* Resources */,
				5DFEDE7E3BAF4C848BAF48A4 /* [CP] Embed Pods Frameworks */,
			);
			buildRules = (
			);
			dependencies = (
			);
			name = Mjollnir;
			productName = Mjollnir;
			productReference = 522C5AFE207B8A8F0001B416 /* Mjollnir.app */;
			productType = "com.apple.product-type.application";
		};
/* End PBXNativeTarget section */

/* Begin PBXProject section */
		522C5AF6207B8A8F0001B416 /* Project object */ = {
			isa = PBXProject;
			attributes = {
				LastSwiftUpdateCheck = 0930;
				LastUpgradeCheck = 0930;
				ORGANIZATIONNAME = "Phillip Kelly-Ayo";
				TargetAttributes = {
					522C5AFD207B8A8F0001B416 = {
						CreatedOnToolsVersion = 9.3;
					};
				};
			};
			buildConfigurationList = 522C5AF9207B8A8F0001B416 /* Build configuration list for PBXProject "Mjollnir" */;
			compatibilityVersion = "Xcode 9.3";
			developmentRegion = en;
			hasScannedForEncodings = 0;
			knownRegions = (
				en,
				Base,
			);
			mainGroup = 522C5AF5207B8A8F0001B416;
			productRefGroup = 522C5AFF207B8A8F0001B416 /* Products */;
			projectDirPath = "";
			projectRoot = "";
			targets = (
				522C5AFD207B8A8F0001B416 /* Mjollnir */,
			);
		};
/* End PBXProject section */

/* Begin PBXResourcesBuildPhase section */
		522C5AFC207B8A8F0001B416 /* Resources */ = {
			isa = PBXResourcesBuildPhase;
			buildActionMask = 2147483647;
			files = (
				522C5B0C207B8A8F0001B416 /* LaunchScreen.storyboard in Resources */,
				522C5B09207B8A8F0001B416 /* Assets.xcassets in Resources */,
			);
			runOnlyForDeploymentPostprocessing = 0;
		};
/* End PBXResourcesBuildPhase section */

/* Begin PBXShellScriptBuildPhase section */
		5DFEDE7E3BAF4C848BAF48A4 /* [CP] Embed Pods Frameworks */ = {
			isa = PBXShellScriptBuildPhase;
			buildActionMask = 2147483647;
			files = (
			);
			inputPaths = (
				"${SRCROOT}/Pods/Target Support Files/Pods-Mjollnir/Pods-Mjollnir-frameworks.sh",
				"${BUILT_PRODUCTS_DIR}/AtelierKAUNO/AtelierKAUNO.framework",
			);
			name = "[CP] Embed Pods Frameworks";
			outputPaths = (
				"${TARGET_BUILD_DIR}/${FRAMEWORKS_FOLDER_PATH}/AtelierKAUNO.framework",
			);
			runOnlyForDeploymentPostprocessing = 0;
			shellPath = /bin/sh;
			shellScript = "\"${SRCROOT}/Pods/Target Support Files/Pods-Mjollnir/Pods-Mjollnir-frameworks.sh\"\n";
			showEnvVarsInLog = 0;
		};
		BB362AE13A014DE8D7821EEC /* [CP] Check Pods Manifest.lock */ = {
			isa = PBXShellScriptBuildPhase;
			buildActionMask = 2147483647;
			files = (
			);
			inputPaths = (
				"${PODS_PODFILE_DIR_PATH}/Podfile.lock",
				"${PODS_ROOT}/Manifest.lock",
			);
			name = "[CP] Check Pods Manifest.lock";
			outputPaths = (
				"$(DERIVED_FILE_DIR)/Pods-Mjollnir-checkManifestLockResult.txt",
			);
			runOnlyForDeploymentPostprocessing = 0;
			shellPath = /bin/sh;
			shellScript = "diff \"${PODS_PODFILE_DIR_PATH}/Podfile.lock\" \"${PODS_ROOT}/Manifest.lock\" > /dev/null\nif [ $? != 0 ] ; then\n    # print error to STDERR\n    echo \"error: The sandbox is not in sync with the Podfile.lock. Run 'pod install' or update your CocoaPods installation.\" >&2\n    exit 1\nfi\n# This output is used by Xcode 'outputs' to avoid re-running this script phase.\necho \"SUCCESS\" > \"${SCRIPT_OUTPUT_FILE_0}\"\n";
			showEnvVarsInLog = 0;
		};
/* End PBXShellScriptBuildPhase section */

/* Begin PBXSourcesBuildPhase section */
		522C5AFA207B8A8F0001B416 /* Sources */ = {
			isa = PBXSourcesBuildPhase;
			buildActionMask = 2147483647;
			files = (
				522C5B3E207BCDA00001B416 /* HomeDatasource.swift in Sources */,
				522C5B32207B9E3E0001B416 /* LongFormViewController.swift in Sources */,
				522C5B3C207BCCF80001B416 /* Cells.swift in Sources */,
				522C5B40207BE4A90001B416 /* TweetCell.swift in Sources */,
				522C5B36207BC3CB0001B416 /* HomeDatasourceController.swift in Sources */,
				522C5B02207B8A8F0001B416 /* AppDelegate.swift in Sources */,
				522C5B85207BFC390001B416 /* InstaCell.swift in Sources */,
				522C5B87207D18D60001B416 /* Structs.swift in Sources */,
			);
			runOnlyForDeploymentPostprocessing = 0;
		};
/* End PBXSourcesBuildPhase section */

/* Begin PBXVariantGroup section */
		522C5B0A207B8A8F0001B416 /* LaunchScreen.storyboard */ = {
			isa = PBXVariantGroup;
			children = (
				522C5B0B207B8A8F0001B416 /* Base */,
			);
			name = LaunchScreen.storyboard;
			sourceTree = "<group>";
		};
/* End PBXVariantGroup section */

/* Begin XCBuildConfiguration section */
		522C5B0E207B8A8F0001B416 /* Debug */ = {
			isa = XCBuildConfiguration;
			buildSettings = {
				ALWAYS_SEARCH_USER_PATHS = NO;
				CLANG_ANALYZER_NONNULL = YES;
				CLANG_ANALYZER_NUMBER_OBJECT_CONVERSION = YES_AGGRESSIVE;
				CLANG_CXX_LANGUAGE_STANDARD = "gnu++14";
				CLANG_CXX_LIBRARY = "libc++";
				CLANG_ENABLE_MODULES = YES;
				CLANG_ENABLE_OBJC_ARC = YES;
				CLANG_ENABLE_OBJC_WEAK = YES;
				CLANG_WARN_BLOCK_CAPTURE_AUTORELEASING = YES;
				CLANG_WARN_BOOL_CONVERSION = YES;
				CLANG_WARN_COMMA = YES;
				CLANG_WARN_CONSTANT_CONVERSION = YES;
				CLANG_WARN_DEPRECATED_OBJC_IMPLEMENTATIONS = YES;
				CLANG_WARN_DIRECT_OBJC_ISA_USAGE = YES_ERROR;
				CLANG_WARN_DOCUMENTATION_COMMENTS = YES;
				CLANG_WARN_EMPTY_BODY = YES;
				CLANG_WARN_ENUM_CONVERSION = YES;
				CLANG_WARN_INFINITE_RECURSION = YES;
				CLANG_WARN_INT_CONVERSION = YES;
				CLANG_WARN_NON_LITERAL_NULL_CONVERSION = YES;
				CLANG_WARN_OBJC_IMPLICIT_RETAIN_SELF = YES;
				CLANG_WARN_OBJC_LITERAL_CONVERSION = YES;
				CLANG_WARN_OBJC_ROOT_CLASS = YES_ERROR;
				CLANG_WARN_RANGE_LOOP_ANALYSIS = YES;
				CLANG_WARN_STRICT_PROTOTYPES = YES;
				CLANG_WARN_SUSPICIOUS_MOVE = YES;
				CLANG_WARN_UNGUARDED_AVAILABILITY = YES_AGGRESSIVE;
				CLANG_WARN_UNREACHABLE_CODE = YES;
				CLANG_WARN__DUPLICATE_METHOD_MATCH = YES;
				CODE_SIGN_IDENTITY = "iPhone Developer";
				COPY_PHASE_STRIP = NO;
				DEBUG_INFORMATION_FORMAT = dwarf;
				ENABLE_STRICT_OBJC_MSGSEND = YES;
				ENABLE_TESTABILITY = YES;
				GCC_C_LANGUAGE_STANDARD = gnu11;
				GCC_DYNAMIC_NO_PIC = NO;
				GCC_NO_COMMON_BLOCKS = YES;
				GCC_OPTIMIZATION_LEVEL = 0;
				GCC_PREPROCESSOR_DEFINITIONS = (
					"DEBUG=1",
					"$(inherited)",
				);
				GCC_WARN_64_TO_32_BIT_CONVERSION = YES;
				GCC_WARN_ABOUT_RETURN_TYPE = YES_ERROR;
				GCC_WARN_UNDECLARED_SELECTOR = YES;
				GCC_WARN_UNINITIALIZED_AUTOS = YES_AGGRESSIVE;
				GCC_WARN_UNUSED_FUNCTION = YES;
				GCC_WARN_UNUSED_VARIABLE = YES;
				IPHONEOS_DEPLOYMENT_TARGET = 11.3;
				MTL_ENABLE_DEBUG_INFO = YES;
				ONLY_ACTIVE_ARCH = YES;
				SDKROOT = iphoneos;
				SWIFT_ACTIVE_COMPILATION_CONDITIONS = DEBUG;
				SWIFT_OPTIMIZATION_LEVEL = "-Onone";
			};
			name = Debug;
		};
		522C5B0F207B8A8F0001B416 /* Release */ = {
			isa = XCBuildConfiguration;
			buildSettings = {
				ALWAYS_SEARCH_USER_PATHS = NO;
				CLANG_ANALYZER_NONNULL = YES;
				CLANG_ANALYZER_NUMBER_OBJECT_CONVERSION = YES_AGGRESSIVE;
				CLANG_CXX_LANGUAGE_STANDARD = "gnu++14";
				CLANG_CXX_LIBRARY = "libc++";
				CLANG_ENABLE_MODULES = YES;
				CLANG_ENABLE_OBJC_ARC = YES;
				CLANG_ENABLE_OBJC_WEAK = YES;
				CLANG_WARN_BLOCK_CAPTURE_AUTORELEASING = YES;
				CLANG_WARN_BOOL_CONVERSION = YES;
				CLANG_WARN_COMMA = YES;
				CLANG_WARN_CONSTANT_CONVERSION = YES;
				CLANG_WARN_DEPRECATED_OBJC_IMPLEMENTATIONS = YES;
				CLANG_WARN_DIRECT_OBJC_ISA_USAGE = YES_ERROR;
				CLANG_WARN_DOCUMENTATION_COMMENTS = YES;
				CLANG_WARN_EMPTY_BODY = YES;
				CLANG_WARN_ENUM_CONVERSION = YES;
				CLANG_WARN_INFINITE_RECURSION = YES;
				CLANG_WARN_INT_CONVERSION = YES;
				CLANG_WARN_NON_LITERAL_NULL_CONVERSION = YES;
				CLANG_WARN_OBJC_IMPLICIT_RETAIN_SELF = YES;
				CLANG_WARN_OBJC_LITERAL_CONVERSION = YES;
				CLANG_WARN_OBJC_ROOT_CLASS = YES_ERROR;
				CLANG_WARN_RANGE_LOOP_ANALYSIS = YES;
				CLANG_WARN_STRICT_PROTOTYPES = YES;
				CLANG_WARN_SUSPICIOUS_MOVE = YES;
				CLANG_WARN_UNGUARDED_AVAILABILITY = YES_AGGRESSIVE;
				CLANG_WARN_UNREACHABLE_CODE = YES;
				CLANG_WARN__DUPLICATE_METHOD_MATCH = YES;
				CODE_SIGN_IDENTITY = "iPhone Developer";
				COPY_PHASE_STRIP = NO;
				DEBUG_INFORMATION_FORMAT = "dwarf-with-dsym";
				ENABLE_NS_ASSERTIONS = NO;
				ENABLE_STRICT_OBJC_MSGSEND = YES;
				GCC_C_LANGUAGE_STANDARD = gnu11;
				GCC_NO_COMMON_BLOCKS = YES;
				GCC_WARN_64_TO_32_BIT_CONVERSION = YES;
				GCC_WARN_ABOUT_RETURN_TYPE = YES_ERROR;
				GCC_WARN_UNDECLARED_SELECTOR = YES;
				GCC_WARN_UNINITIALIZED_AUTOS = YES_AGGRESSIVE;
				GCC_WARN_UNUSED_FUNCTION = YES;
				GCC_WARN_UNUSED_VARIABLE = YES;
				IPHONEOS_DEPLOYMENT_TARGET = 11.3;
				MTL_ENABLE_DEBUG_INFO = NO;
				SDKROOT = iphoneos;
				SWIFT_COMPILATION_MODE = wholemodule;
				SWIFT_OPTIMIZATION_LEVEL = "-O";
				VALIDATE_PRODUCT = YES;
			};
			name = Release;
		};
		522C5B11207B8A8F0001B416 /* Debug */ = {
			isa = XCBuildConfiguration;
			baseConfigurationReference = 061DC331CF17EF865A7C7C7B /* Pods-Mjollnir.debug.xcconfig */;
			buildSettings = {
				ASSETCATALOG_COMPILER_APPICON_NAME = AppIcon;
				CODE_SIGN_STYLE = Automatic;
				DEVELOPMENT_TEAM = PPKFB6WZ6V;
				INFOPLIST_FILE = Mjollnir/Info.plist;
				LD_RUNPATH_SEARCH_PATHS = (
					"$(inherited)",
					"@executable_path/Frameworks",
				);
				PRODUCT_BUNDLE_IDENTIFIER = com.kellyayoapps.nitelife.Mjollnir;
				PRODUCT_NAME = "$(TARGET_NAME)";
				SWIFT_VERSION = 4.0;
				TARGETED_DEVICE_FAMILY = "1,2";
			};
			name = Debug;
		};
		522C5B12207B8A8F0001B416 /* Release */ = {
			isa = XCBuildConfiguration;
			baseConfigurationReference = 06F1581B453FA55FCE6E7139 /* Pods-Mjollnir.release.xcconfig */;
			buildSettings = {
				ASSETCATALOG_COMPILER_APPICON_NAME = AppIcon;
				CODE_SIGN_STYLE = Automatic;
				DEVELOPMENT_TEAM = PPKFB6WZ6V;
				INFOPLIST_FILE = Mjollnir/Info.plist;
				LD_RUNPATH_SEARCH_PATHS = (
					"$(inherited)",
					"@executable_path/Frameworks",
				);
				PRODUCT_BUNDLE_IDENTIFIER = com.kellyayoapps.nitelife.Mjollnir;
				PRODUCT_NAME = "$(TARGET_NAME)";
				SWIFT_VERSION = 4.0;
				TARGETED_DEVICE_FAMILY = "1,2";
			};
			name = Release;
		};
/* End XCBuildConfiguration section */

/* Begin XCConfigurationList section */
		522C5AF9207B8A8F0001B416 /* Build configuration list for PBXProject "Mjollnir" */ = {
			isa = XCConfigurationList;
			buildConfigurations = (
				522C5B0E207B8A8F0001B416 /* Debug */,
				522C5B0F207B8A8F0001B416 /* Release */,
			);
			defaultConfigurationIsVisible = 0;
			defaultConfigurationName = Release;
		};
		522C5B10207B8A8F0001B416 /* Build configuration list for PBXNativeTarget "Mjollnir" */ = {
			isa = XCConfigurationList;
			buildConfigurations = (
				522C5B11207B8A8F0001B416 /* Debug */,
				522C5B12207B8A8F0001B416 /* Release */,
			);
			defaultConfigurationIsVisible = 0;
			defaultConfigurationName = Release;
		};
/* End XCConfigurationList section */
	};
	rootObject = 522C5AF6207B8A8F0001B416 /* Project object */;
}
